
Microsoft Visual Studio Solution File, Format Version 12.00
# Visual Studio Version 17
VisualStudioVersion = 17.11.35222.181
MinimumVisualStudioVersion = 10.0.40219.1
Project("{F184B08F-C81C-45F6-A57F-5ABD9991F28F}") = "UPNGO NGOs SERVICE", "UPNGO NGOs SERVICE.vbproj", "{11476595-1864-4AB3-A637-E783395BB08A}"
EndProject
Project("{54435603-DBB4-11D2-8724-00A0C9A8B90C}") = "NGOs Setup", "NGOs Setup\NGOs Setup.vdproj", "{F2F60CAC-0241-4904-B085-C93ED0B6E571}"
EndProject
Global
	GlobalSection(SolutionConfigurationPlatforms) = preSolution
		Debug|Any CPU = Debug|Any CPU
		Release|Any CPU = Release|Any CPU
	EndGlobalSection
	GlobalSection(ProjectConfigurationPlatforms) = postSolution
		{11476595-1864-4AB3-A637-E783395BB08A}.Debug|Any CPU.ActiveCfg = Debug|Any CPU
		{11476595-1864-4AB3-A637-E783395BB08A}.Debug|Any CPU.Build.0 = Debug|Any CPU
		{11476595-1864-4AB3-A637-E783395BB08A}.Release|Any CPU.ActiveCfg = Release|Any CPU
		{11476595-1864-4AB3-A637-E783395BB08A}.Release|Any CPU.Build.0 = Release|Any CPU
		{F2F60CAC-0241-4904-B085-C93ED0B6E571}.Debug|Any CPU.ActiveCfg = Debug
		{F2F60CAC-0241-4904-B085-C93ED0B6E571}.Debug|Any CPU.Build.0 = Debug
		{F2F60CAC-0241-4904-B085-C93ED0B6E571}.Release|Any CPU.ActiveCfg = Release
	EndGlobalSection
	GlobalSection(SolutionProperties) = preSolution
		HideSolutionNode = FALSE
	EndGlobalSection
	GlobalSection(ExtensibilityGlobals) = postSolution
		SolutionGuid = {E0EE5C47-3EFD-4AAC-9DFB-A418FF7E2441}
	EndGlobalSection
EndGlobal
